
Microsoft Visual Studio Solution File, Format Version 12.00
# Visual Studio Version 17
VisualStudioVersion = 17.13.35825.156 d17.13
MinimumVisualStudioVersion = 10.0.40219.1
Project("{FAE04EC0-301F-11D3-BF4B-00C04F79EFBC}") = "ConsoleApp1", "ConsoleApp1\ConsoleApp1.csproj", "{60117B7C-437F-4A50-9306-B2027E8A9A16}"
EndProject
Global
	GlobalSection(SolutionConfigurationPlatforms) = preSolution
		Debug|Any CPU = Debug|Any CPU
		Release|Any CPU = Release|Any CPU
	EndGlobalSection
	GlobalSection(ProjectConfigurationPlatforms) = postSolution
		{60117B7C-437F-4A50-9306-B2027E8A9A16}.Debug|Any CPU.ActiveCfg = Debug|Any CPU
		{60117B7C-437F-4A50-9306-B2027E8A9A16}.Debug|Any CPU.Build.0 = Debug|Any CPU
		{60117B7C-437F-4A50-9306-B2027E8A9A16}.Release|Any CPU.ActiveCfg = Release|Any CPU
		{60117B7C-437F-4A50-9306-B2027E8A9A16}.Release|Any CPU.Build.0 = Release|Any CPU
	EndGlobalSection
	GlobalSection(SolutionProperties) = preSolution
		HideSolutionNode = FALSE
	EndGlobalSection
	GlobalSection(ExtensibilityGlobals) = postSolution
		SolutionGuid = {339488A5-AF53-4E28-B5E2-1419F434045B}
	EndGlobalSection
EndGlobal
